
Microsoft Visual Studio Solution File, Format Version 12.00
# Visual Studio Version 17
VisualStudioVersion = 17.3.32929.385
MinimumVisualStudioVersion = 10.0.40219.1
Project("{9A19103F-16F7-4668-BE54-9A1E7A4F7556}") = "WpfRegistration.Domain", "WpfRegistration.Domain\WpfRegistration.Domain.csproj", "{B150C32F-5F0F-4799-8317-6EC4532B3EF8}"
EndProject
Project("{9A19103F-16F7-4668-BE54-9A1E7A4F7556}") = "WpfRegistration.EntityFramework", "WpfRegistration.Framework\WpfRegistration.EntityFramework.csproj", "{99634EEF-FDB2-45EE-B27C-02DF968E55FB}"
EndProject
Project("{9A19103F-16F7-4668-BE54-9A1E7A4F7556}") = "WpfRegistrationApp.WPF", "WpfRegistrationApp.WPF\WpfRegistrationApp.WPF.csproj", "{B2A5158A-D925-4676-9A57-2A15386DE217}"
EndProject
Project("{9A19103F-16F7-4668-BE54-9A1E7A4F7556}") = "WpfRegistration.ConsoleTester", "WpfRegistration.ConsoleTester\WpfRegistration.ConsoleTester.csproj", "{D0A4785D-07C1-4E7E-B90A-BD9F13273567}"
EndProject
Global
	GlobalSection(SolutionConfigurationPlatforms) = preSolution
		Debug|Any CPU = Debug|Any CPU
		Release|Any CPU = Release|Any CPU
	EndGlobalSection
	GlobalSection(ProjectConfigurationPlatforms) = postSolution
		{B150C32F-5F0F-4799-8317-6EC4532B3EF8}.Debug|Any CPU.ActiveCfg = Debug|Any CPU
		{B150C32F-5F0F-4799-8317-6EC4532B3EF8}.Debug|Any CPU.Build.0 = Debug|Any CPU
		{B150C32F-5F0F-4799-8317-6EC4532B3EF8}.Release|Any CPU.ActiveCfg = Release|Any CPU
		{B150C32F-5F0F-4799-8317-6EC4532B3EF8}.Release|Any CPU.Build.0 = Release|Any CPU
		{99634EEF-FDB2-45EE-B27C-02DF968E55FB}.Debug|Any CPU.ActiveCfg = Debug|Any CPU
		{99634EEF-FDB2-45EE-B27C-02DF968E55FB}.Debug|Any CPU.Build.0 = Debug|Any CPU
		{99634EEF-FDB2-45EE-B27C-02DF968E55FB}.Release|Any CPU.ActiveCfg = Release|Any CPU
		{99634EEF-FDB2-45EE-B27C-02DF968E55FB}.Release|Any CPU.Build.0 = Release|Any CPU
		{B2A5158A-D925-4676-9A57-2A15386DE217}.Debug|Any CPU.ActiveCfg = Debug|Any CPU
		{B2A5158A-D925-4676-9A57-2A15386DE217}.Debug|Any CPU.Build.0 = Debug|Any CPU
		{B2A5158A-D925-4676-9A57-2A15386DE217}.Release|Any CPU.ActiveCfg = Release|Any CPU
		{B2A5158A-D925-4676-9A57-2A15386DE217}.Release|Any CPU.Build.0 = Release|Any CPU
		{D0A4785D-07C1-4E7E-B90A-BD9F13273567}.Debug|Any CPU.ActiveCfg = Debug|Any CPU
		{D0A4785D-07C1-4E7E-B90A-BD9F13273567}.Debug|Any CPU.Build.0 = Debug|Any CPU
		{D0A4785D-07C1-4E7E-B90A-BD9F13273567}.Release|Any CPU.ActiveCfg = Release|Any CPU
		{D0A4785D-07C1-4E7E-B90A-BD9F13273567}.Release|Any CPU.Build.0 = Release|Any CPU
	EndGlobalSection
	GlobalSection(SolutionProperties) = preSolution
		HideSolutionNode = FALSE
	EndGlobalSection
	GlobalSection(ExtensibilityGlobals) = postSolution
		SolutionGuid = {C26F4471-37EA-491F-91EF-00DE23E779DE}
	EndGlobalSection
EndGlobal
